# This is a Gradle generated file for dependency locking.
# Manual edits can break the build and are not advised.
# This file is expected to be part of source control.
com.google.code.gson:gson:2.14.0=classpath
com.google.errorprone:error_prone_annotations:2.48.0=classpath
gradle.plugin.org.jetbrains.gradle.plugin.idea-ext:gradle-idea-ext:1.2=classpath
net.fabricmc.fabric-loom:net.fabricmc.fabric-loom.gradle.plugin:1.18.1=classpath
net.fabricmc.unpick:unpick-format-utils:3.0.0-beta.13=classpath
net.fabricmc.unpick:unpick:3.0.0-beta.13=classpath
net.fabricmc:class-tweaker:0.3.0=classpath
net.fabricmc:fabric-loom:1.18.1=classpath
net.fabricmc:lorenz-tiny:4.0.2=classpath
net.fabricmc:mapping-io:0.8.0=classpath
net.fabricmc:mercury:0.4.3=classpath
net.fabricmc:mercurymixin:0.2.2=classpath
net.fabricmc:stitch:0.6.2=classpath
net.fabricmc:tiny-mappings-parser:0.3.0+build.17=classpath
net.fabricmc:tiny-remapper:0.14.1=classpath
net.neoforged.moddev:net.neoforged.moddev.gradle.plugin:2.0.148=classpath
net.neoforged:moddev-gradle:2.0.148=classpath
org.cadixdev:at:0.1.0-rc1=classpath
org.cadixdev:bombe:0.3.4=classpath
org.cadixdev:lorenz:0.5.7=classpath
org.jetbrains.kotlin:kotlin-metadata-jvm:2.4.0=classpath
org.ow2.asm:asm-analysis:9.10.1=classpath
org.ow2.asm:asm-commons:9.10.1=classpath
org.ow2.asm:asm-tree:9.10.1=classpath
org.ow2.asm:asm-util:9.10.1=classpath
org.ow2.asm:asm:9.10.1=classpath
empty=
